// !$*UTF8*$!
{
	archiveVersion = 1;
	classes = {
	};
	objectVersion = 50;
	objects = {

/* Begin PBXBuildFile section */
		131543C020AF6EF4002BD3E1 /* AppDelegate.swift in Sources */ = {isa = PBXBuildFile; fileRef = 131543BF20AF6EF4002BD3E1 /* AppDelegate.swift */; };
		131543C220AF6EF4002BD3E1 /* LoginViewController.swift in Sources */ = {isa = PBXBuildFile; fileRef = 131543C120AF6EF4002BD3E1 /* LoginViewController.swift */; };
		131543C520AF6EF4002BD3E1 /* Main.storyboard in Resources */ = {isa = PBXBuildFile; fileRef = 131543C320AF6EF4002BD3E1 /* Main.storyboard */; };
		131543C820AF6EF4002BD3E1 /* ios_client.xcdatamodeld in Sources */ = {isa = PBXBuildFile; fileRef = 131543C620AF6EF4002BD3E1 /* ios_client.xcdatamodeld */; };
		131543CA20AF6EF7002BD3E1 /* Assets.xcassets in Resources */ = {isa = PBXBuildFile; fileRef = 131543C920AF6EF7002BD3E1 /* Assets.xcassets */; };
		131543CD20AF6EF7002BD3E1 /* LaunchScreen.storyboard in Resources */ = {isa = PBXBuildFile; fileRef = 131543CB20AF6EF7002BD3E1 /* LaunchScreen.storyboard */; };
		131543D820AF6EF7002BD3E1 /* ios_clientTests.swift in Sources */ = {isa = PBXBuildFile; fileRef = 131543D720AF6EF7002BD3E1 /* ios_clientTests.swift */; };
		131543E320AF6EF7002BD3E1 /* ios_clientUITests.swift in Sources */ = {isa = PBXBuildFile; fileRef = 131543E220AF6EF7002BD3E1 /* ios_clientUITests.swift */; };
		1321953C20BB7DD80010A0F6 /* PaymentSource.swift in Sources */ = {isa = PBXBuildFile; fileRef = 1321953B20BB7DD80010A0F6 /* PaymentSource.swift */; };
		1321953E20BC4FE20010A0F6 /* SelectPaymentViewController.swift in Sources */ = {isa = PBXBuildFile; fileRef = 1321953D20BC4FE20010A0F6 /* SelectPaymentViewController.swift */; };
		1321954020BCA6EA0010A0F6 /* RideSummaryViewController.swift in Sources */ = {isa = PBXBuildFile; fileRef = 1321953F20BCA6EA0010A0F6 /* RideSummaryViewController.swift */; };
		1349EA3F20B5D12B00A5C87B /* QRCodeViewController.swift in Sources */ = {isa = PBXBuildFile; fileRef = 1349EA3E20B5D12B00A5C87B /* QRCodeViewController.swift */; };
		1349EA4120B86DF100A5C87B /* StartRideViewController.swift in Sources */ = {isa = PBXBuildFile; fileRef = 1349EA4020B86DF100A5C87B /* StartRideViewController.swift */; };
		1349EA4320B9B5FD00A5C87B /* InRideViewController.swift in Sources */ = {isa = PBXBuildFile; fileRef = 1349EA4220B9B5FD00A5C87B /* InRideViewController.swift */; };
		1349EA4520B9E5A700A5C87B /* AddPaymentSourceViewController.swift in Sources */ = {isa = PBXBuildFile; fileRef = 1349EA4420B9E5A700A5C87B /* AddPaymentSourceViewController.swift */; };
		1349EA4720BA207C00A5C87B /* PaymentSourcesViewController.swift in Sources */ = {isa = PBXBuildFile; fileRef = 1349EA4620BA207C00A5C87B /* PaymentSourcesViewController.swift */; };
		134F80A020AFE97C00B13E64 /* AccountViewController.swift in Sources */ = {isa = PBXBuildFile; fileRef = 134F809F20AFE97C00B13E64 /* AccountViewController.swift */; };
		135D8C9520BF40BA009C22BD /* HistoryViewController.swift in Sources */ = {isa = PBXBuildFile; fileRef = 135D8C9420BF40BA009C22BD /* HistoryViewController.swift */; };
		13A2C4C720AF8DFE00BA88F8 /* signUpViewController.swift in Sources */ = {isa = PBXBuildFile; fileRef = 13A2C4C620AF8DFE00BA88F8 /* signUpViewController.swift */; };
		13A2C4C920AFD45900BA88F8 /* NetworkHelper.swift in Sources */ = {isa = PBXBuildFile; fileRef = 13A2C4C820AFD45900BA88F8 /* NetworkHelper.swift */; };
		13A6154120B10A0B00049A60 /* MenuViewController.swift in Sources */ = {isa = PBXBuildFile; fileRef = 13A6154020B10A0B00049A60 /* MenuViewController.swift */; };
		13A6154320B1B16800049A60 /* AddedExtensions.swift in Sources */ = {isa = PBXBuildFile; fileRef = 13A6154220B1B16800049A60 /* AddedExtensions.swift */; };
		13A6154620B23F3700049A60 /* ChangePasswordViewController.swift in Sources */ = {isa = PBXBuildFile; fileRef = 13A6154520B23F3700049A60 /* ChangePasswordViewController.swift */; };
		13A6154820B2574B00049A60 /* HomeViewController.swift in Sources */ = {isa = PBXBuildFile; fileRef = 13A6154720B2574B00049A60 /* HomeViewController.swift */; };
		13D3A48620B4742C002A1DD1 /* LocationHelper.swift in Sources */ = {isa = PBXBuildFile; fileRef = 13D3A48520B4742C002A1DD1 /* LocationHelper.swift */; };
		13D3A48820B4C356002A1DD1 /* RideHelper.swift in Sources */ = {isa = PBXBuildFile; fileRef = 13D3A48720B4C356002A1DD1 /* RideHelper.swift */; };
		13D3A48A20B4EDB1002A1DD1 /* Scooter.swift in Sources */ = {isa = PBXBuildFile; fileRef = 13D3A48920B4EDB1002A1DD1 /* Scooter.swift */; };
		16F455420159CB9D28ADAAF6 /* Pods_ios_clientUITests.framework in Frameworks */ = {isa = PBXBuildFile; fileRef = 0C7F6C608A8C4E8CAAC5CFB9 /* Pods_ios_clientUITests.framework */; };
		26D2380DABC739F52FA4F8D2 /* Pods_ios_clientTests.framework in Frameworks */ = {isa = PBXBuildFile; fileRef = 6BCDB8DFBE52BA331335FF24 /* Pods_ios_clientTests.framework */; };
		7DCD00A02FC96175F0579B89 /* Pods_ios_client.framework in Frameworks */ = {isa = PBXBuildFile; fileRef = F395A7FA08042C892B283889 /* Pods_ios_client.framework */; };
/* End PBXBuildFile section */

/* Begin PBXContainerItemProxy section */
		131543D420AF6EF7002BD3E1 /* PBXContainerItemProxy */ = {
			isa = PBXContainerItemProxy;
			containerPortal = 131543B420AF6EF4002BD3E1 /* Project object */;
			proxyType = 1;
			remoteGlobalIDString = 131543BB20AF6EF4002BD3E1;
			remoteInfo = ios_client;
		};
		131543DF20AF6EF7002BD3E1 /* PBXContainerItemProxy */ = {
			isa = PBXContainerItemProxy;
			containerPortal = 131543B420AF6EF4002BD3E1 /* Project object */;
			proxyType = 1;
			remoteGlobalIDString = 131543BB20AF6EF4002BD3E1;
			remoteInfo = ios_client;
		};
/* End PBXContainerItemProxy section */

/* Begin PBXFileReference section */
		0C7F6C608A8C4E8CAAC5CFB9 /* Pods_ios_clientUITests.framework */ = {isa = PBXFileReference; explicitFileType = wrapper.framework; includeInIndex = 0; path = Pods_ios_clientUITests.framework; sourceTree = BUILT_PRODUCTS_DIR; };
		12F552D99D76EA5F0A84E270 /* Pods-ios_clientTests.release.xcconfig */ = {isa = PBXFileReference; includeInIndex = 1; lastKnownFileType = text.xcconfig; name = "Pods-ios_clientTests.release.xcconfig"; path = "Pods/Target Support Files/Pods-ios_clientTests/Pods-ios_clientTests.release.xcconfig"; sourceTree = "<group>"; };
		131543BC20AF6EF4002BD3E1 /* ios_client.app */ = {isa = PBXFileReference; explicitFileType = wrapper.application; includeInIndex = 0; path = ios_client.app; sourceTree = BUILT_PRODUCTS_DIR; };
		131543BF20AF6EF4002BD3E1 /* AppDelegate.swift */ = {isa = PBXFileReference; lastKnownFileType = sourcecode.swift; path = AppDelegate.swift; sourceTree = "<group>"; };
		131543C120AF6EF4002BD3E1 /* LoginViewController.swift */ = {isa = PBXFileReference; lastKnownFileType = sourcecode.swift; path = LoginViewController.swift; sourceTree = "<group>"; };
		131543C420AF6EF4002BD3E1 /* Base */ = {isa = PBXFileReference; lastKnownFileType = file.storyboard; name = Base; path = Base.lproj/Main.storyboard; sourceTree = "<group>"; };
		131543C720AF6EF4002BD3E1 /* ios_client.xcdatamodel */ = {isa = PBXFileReference; lastKnownFileType = wrapper.xcdatamodel; path = ios_client.xcdatamodel; sourceTree = "<group>"; };
		131543C920AF6EF7002BD3E1 /* Assets.xcassets */ = {isa = PBXFileReference; lastKnownFileType = folder.assetcatalog; path = Assets.xcassets; sourceTree = "<group>"; };
		131543CC20AF6EF7002BD3E1 /* Base */ = {isa = PBXFileReference; lastKnownFileType = file.storyboard; name = Base; path = Base.lproj/LaunchScreen.storyboard; sourceTree = "<group>"; };
		131543CE20AF6EF7002BD3E1 /* Info.plist */ = {isa = PBXFileReference; lastKnownFileType = text.plist.xml; path = Info.plist; sourceTree = "<group>"; };
		131543D320AF6EF7002BD3E1 /* ios_clientTests.xctest */ = {isa = PBXFileReference; explicitFileType = wrapper.cfbundle; includeInIndex = 0; path = ios_clientTests.xctest; sourceTree = BUILT_PRODUCTS_DIR; };
		131543D720AF6EF7002BD3E1 /* ios_clientTests.swift */ = {isa = PBXFileReference; lastKnownFileType = sourcecode.swift; path = ios_clientTests.swift; sourceTree = "<group>"; };
		131543D920AF6EF7002BD3E1 /* Info.plist */ = {isa = PBXFileReference; lastKnownFileType = text.plist.xml; path = Info.plist; sourceTree = "<group>"; };
		131543DE20AF6EF7002BD3E1 /* ios_clientUITests.xctest */ = {isa = PBXFileReference; explicitFileType = wrapper.cfbundle; includeInIndex = 0; path = ios_clientUITests.xctest; sourceTree = BUILT_PRODUCTS_DIR; };
		131543E220AF6EF7002BD3E1 /* ios_clientUITests.swift */ = {isa = PBXFileReference; lastKnownFileType = sourcecode.swift; path = ios_clientUITests.swift; sourceTree = "<group>"; };
		131543E420AF6EF7002BD3E1 /* Info.plist */ = {isa = PBXFileReference; lastKnownFileType = text.plist.xml; path = Info.plist; sourceTree = "<group>"; };
		1321953B20BB7DD80010A0F6 /* PaymentSource.swift */ = {isa = PBXFileReference; lastKnownFileType = sourcecode.swift; path = PaymentSource.swift; sourceTree = "<group>"; };
		1321953D20BC4FE20010A0F6 /* SelectPaymentViewController.swift */ = {isa = PBXFileReference; lastKnownFileType = sourcecode.swift; path = SelectPaymentViewController.swift; sourceTree = "<group>"; };
		1321953F20BCA6EA0010A0F6 /* RideSummaryViewController.swift */ = {isa = PBXFileReference; lastKnownFileType = sourcecode.swift; path = RideSummaryViewController.swift; sourceTree = "<group>"; };
		1349EA3E20B5D12B00A5C87B /* QRCodeViewController.swift */ = {isa = PBXFileReference; lastKnownFileType = sourcecode.swift; path = QRCodeViewController.swift; sourceTree = "<group>"; };
		1349EA4020B86DF100A5C87B /* StartRideViewController.swift */ = {isa = PBXFileReference; lastKnownFileType = sourcecode.swift; path = StartRideViewController.swift; sourceTree = "<group>"; };
		1349EA4220B9B5FD00A5C87B /* InRideViewController.swift */ = {isa = PBXFileReference; lastKnownFileType = sourcecode.swift; path = InRideViewController.swift; sourceTree = "<group>"; };
		1349EA4420B9E5A700A5C87B /* AddPaymentSourceViewController.swift */ = {isa = PBXFileReference; lastKnownFileType = sourcecode.swift; path = AddPaymentSourceViewController.swift; sourceTree = "<group>"; };
		1349EA4620BA207C00A5C87B /* PaymentSourcesViewController.swift */ = {isa = PBXFileReference; lastKnownFileType = sourcecode.swift; path = PaymentSourcesViewController.swift; sourceTree = "<group>"; };
		134F809E20AFDD2500B13E64 /* ios_client.entitlements */ = {isa = PBXFileReference; lastKnownFileType = text.plist.entitlements; path = ios_client.entitlements; sourceTree = "<group>"; };
		134F809F20AFE97C00B13E64 /* AccountViewController.swift */ = {isa = PBXFileReference; lastKnownFileType = sourcecode.swift; path = AccountViewController.swift; sourceTree = "<group>"; };
		135D8C9420BF40BA009C22BD /* HistoryViewController.swift */ = {isa = PBXFileReference; lastKnownFileType = sourcecode.swift; path = HistoryViewController.swift; sourceTree = "<group>"; };
		13A2C4C620AF8DFE00BA88F8 /* signUpViewController.swift */ = {isa = PBXFileReference; lastKnownFileType = sourcecode.swift; path = signUpViewController.swift; sourceTree = "<group>"; };
		13A2C4C820AFD45900BA88F8 /* NetworkHelper.swift */ = {isa = PBXFileReference; lastKnownFileType = sourcecode.swift; path = NetworkHelper.swift; sourceTree = "<group>"; };
		13A6154020B10A0B00049A60 /* MenuViewController.swift */ = {isa = PBXFileReference; lastKnownFileType = sourcecode.swift; path = MenuViewController.swift; sourceTree = "<group>"; };
		13A6154220B1B16800049A60 /* AddedExtensions.swift */ = {isa = PBXFileReference; lastKnownFileType = sourcecode.swift; path = AddedExtensions.swift; sourceTree = "<group>"; };
		13A6154520B23F3700049A60 /* ChangePasswordViewController.swift */ = {isa = PBXFileReference; lastKnownFileType = sourcecode.swift; path = ChangePasswordViewController.swift; sourceTree = "<group>"; };
		13A6154720B2574B00049A60 /* HomeViewController.swift */ = {isa = PBXFileReference; lastKnownFileType = sourcecode.swift; path = HomeViewController.swift; sourceTree = "<group>"; };
		13D3A48520B4742C002A1DD1 /* LocationHelper.swift */ = {isa = PBXFileReference; lastKnownFileType = sourcecode.swift; path = LocationHelper.swift; sourceTree = "<group>"; };
		13D3A48720B4C356002A1DD1 /* RideHelper.swift */ = {isa = PBXFileReference; lastKnownFileType = sourcecode.swift; path = RideHelper.swift; sourceTree = "<group>"; };
		13D3A48920B4EDB1002A1DD1 /* Scooter.swift */ = {isa = PBXFileReference; lastKnownFileType = sourcecode.swift; path = Scooter.swift; sourceTree = "<group>"; };
		150A6F0F5A3DCA54C1E51EF7 /* Pods-ios_clientUITests.release.xcconfig */ = {isa = PBXFileReference; includeInIndex = 1; lastKnownFileType = text.xcconfig; name = "Pods-ios_clientUITests.release.xcconfig"; path = "Pods/Target Support Files/Pods-ios_clientUITests/Pods-ios_clientUITests.release.xcconfig"; sourceTree = "<group>"; };
		24B906147AD19D6BEC96E45F /* Pods-ios_client.release.xcconfig */ = {isa = PBXFileReference; includeInIndex = 1; lastKnownFileType = text.xcconfig; name = "Pods-ios_client.release.xcconfig"; path = "Pods/Target Support Files/Pods-ios_client/Pods-ios_client.release.xcconfig"; sourceTree = "<group>"; };
		6BCDB8DFBE52BA331335FF24 /* Pods_ios_clientTests.framework */ = {isa = PBXFileReference; explicitFileType = wrapper.framework; includeInIndex = 0; path = Pods_ios_clientTests.framework; sourceTree = BUILT_PRODUCTS_DIR; };
		A8814C83AEA735078ED2C20E /* Pods-ios_clientUITests.debug.xcconfig */ = {isa = PBXFileReference; includeInIndex = 1; lastKnownFileType = text.xcconfig; name = "Pods-ios_clientUITests.debug.xcconfig"; path = "Pods/Target Support Files/Pods-ios_clientUITests/Pods-ios_clientUITests.debug.xcconfig"; sourceTree = "<group>"; };
		E77D6F10D6DB8B71CC02AC19 /* Pods-ios_client.debug.xcconfig */ = {isa = PBXFileReference; includeInIndex = 1; lastKnownFileType = text.xcconfig; name = "Pods-ios_client.debug.xcconfig"; path = "Pods/Target Support Files/Pods-ios_client/Pods-ios_client.debug.xcconfig"; sourceTree = "<group>"; };
		F395A7FA08042C892B283889 /* Pods_ios_client.framework */ = {isa = PBXFileReference; explicitFileType = wrapper.framework; includeInIndex = 0; path = Pods_ios_client.framework; sourceTree = BUILT_PRODUCTS_DIR; };
		FCB94A126BE80B05FA4B1DC8 /* Pods-ios_clientTests.debug.xcconfig */ = {isa = PBXFileReference; includeInIndex = 1; lastKnownFileType = text.xcconfig; name = "Pods-ios_clientTests.debug.xcconfig"; path = "Pods/Target Support Files/Pods-ios_clientTests/Pods-ios_clientTests.debug.xcconfig"; sourceTree = "<group>"; };
/* End PBXFileReference section */

/* Begin PBXFrameworksBuildPhase section */
		131543B920AF6EF4002BD3E1 /* Frameworks */ = {
			isa = PBXFrameworksBuildPhase;
			buildActionMask = 2147483647;
			files = (
				7DCD00A02FC96175F0579B89 /* Pods_ios_client.framework in Frameworks */,
			);
			runOnlyForDeploymentPostprocessing = 0;
		};
		131543D020AF6EF7002BD3E1 /* Frameworks */ = {
			isa = PBXFrameworksBuildPhase;
			buildActionMask = 2147483647;
			files = (
				26D2380DABC739F52FA4F8D2 /* Pods_ios_clientTests.framework in Frameworks */,
			);
			runOnlyForDeploymentPostprocessing = 0;
		};
		131543DB20AF6EF7002BD3E1 /* Frameworks */ = {
			isa = PBXFrameworksBuildPhase;
			buildActionMask = 2147483647;
			files = (
				16F455420159CB9D28ADAAF6 /* Pods_ios_clientUITests.framework in Frameworks */,
			);
			runOnlyForDeploymentPostprocessing = 0;
		};
/* End PBXFrameworksBuildPhase section */

/* Begin PBXGroup section */
		131543B320AF6EF4002BD3E1 = {
			isa = PBXGroup;
			children = (
				131543BE20AF6EF4002BD3E1 /* ios_client */,
				131543D620AF6EF7002BD3E1 /* ios_clientTests */,
				131543E120AF6EF7002BD3E1 /* ios_clientUITests */,
				131543BD20AF6EF4002BD3E1 /* Products */,
				866A3BC5AB2EBD3B466AED8B /* Pods */,
				DC21EE477D7C8CF5DA1E3311 /* Frameworks */,
			);
			sourceTree = "<group>";
		};
		131543BD20AF6EF4002BD3E1 /* Products */ = {
			isa = PBXGroup;
			children = (
				131543BC20AF6EF4002BD3E1 /* ios_client.app */,
				131543D320AF6EF7002BD3E1 /* ios_clientTests.xctest */,
				131543DE20AF6EF7002BD3E1 /* ios_clientUITests.xctest */,
			);
			name = Products;
			sourceTree = "<group>";
		};
		131543BE20AF6EF4002BD3E1 /* ios_client */ = {
			isa = PBXGroup;
			children = (
				134F809E20AFDD2500B13E64 /* ios_client.entitlements */,
				131543BF20AF6EF4002BD3E1 /* AppDelegate.swift */,
				131543C120AF6EF4002BD3E1 /* LoginViewController.swift */,
				131543C320AF6EF4002BD3E1 /* Main.storyboard */,
				134F809F20AFE97C00B13E64 /* AccountViewController.swift */,
				131543C920AF6EF7002BD3E1 /* Assets.xcassets */,
				131543CB20AF6EF7002BD3E1 /* LaunchScreen.storyboard */,
				131543CE20AF6EF7002BD3E1 /* Info.plist */,
				131543C620AF6EF4002BD3E1 /* ios_client.xcdatamodeld */,
				13A2C4C620AF8DFE00BA88F8 /* signUpViewController.swift */,
				13A2C4C820AFD45900BA88F8 /* NetworkHelper.swift */,
				13A6154020B10A0B00049A60 /* MenuViewController.swift */,
				13A6154220B1B16800049A60 /* AddedExtensions.swift */,
				13A6154520B23F3700049A60 /* ChangePasswordViewController.swift */,
				13A6154720B2574B00049A60 /* HomeViewController.swift */,
				13D3A48520B4742C002A1DD1 /* LocationHelper.swift */,
				13D3A48720B4C356002A1DD1 /* RideHelper.swift */,
				13D3A48920B4EDB1002A1DD1 /* Scooter.swift */,
				1349EA3E20B5D12B00A5C87B /* QRCodeViewController.swift */,
				1349EA4020B86DF100A5C87B /* StartRideViewController.swift */,
				1349EA4220B9B5FD00A5C87B /* InRideViewController.swift */,
				1349EA4420B9E5A700A5C87B /* AddPaymentSourceViewController.swift */,
				1349EA4620BA207C00A5C87B /* PaymentSourcesViewController.swift */,
				1321953B20BB7DD80010A0F6 /* PaymentSource.swift */,
				1321953D20BC4FE20010A0F6 /* SelectPaymentViewController.swift */,
				1321953F20BCA6EA0010A0F6 /* RideSummaryViewController.swift */,
				135D8C9420BF40BA009C22BD /* HistoryViewController.swift */,
			);
			path = ios_client;
			sourceTree = "<group>";
		};
		131543D620AF6EF7002BD3E1 /* ios_clientTests */ = {
			isa = PBXGroup;
			children = (
				131543D720AF6EF7002BD3E1 /* ios_clientTests.swift */,
				131543D920AF6EF7002BD3E1 /* Info.plist */,
			);
			path = ios_clientTests;
			sourceTree = "<group>";
		};
		131543E120AF6EF7002BD3E1 /* ios_clientUITests */ = {
			isa = PBXGroup;
			children = (
				131543E220AF6EF7002BD3E1 /* ios_clientUITests.swift */,
				131543E420AF6EF7002BD3E1 /* Info.plist */,
			);
			path = ios_clientUITests;
			sourceTree = "<group>";
		};
		866A3BC5AB2EBD3B466AED8B /* Pods */ = {
			isa = PBXGroup;
			children = (
				E77D6F10D6DB8B71CC02AC19 /* Pods-ios_client.debug.xcconfig */,
				24B906147AD19D6BEC96E45F /* Pods-ios_client.release.xcconfig */,
				FCB94A126BE80B05FA4B1DC8 /* Pods-ios_clientTests.debug.xcconfig */,
				12F552D99D76EA5F0A84E270 /* Pods-ios_clientTests.release.xcconfig */,
				A8814C83AEA735078ED2C20E /* Pods-ios_clientUITests.debug.xcconfig */,
				150A6F0F5A3DCA54C1E51EF7 /* Pods-ios_clientUITests.release.xcconfig */,
			);
			name = Pods;
			sourceTree = "<group>";
		};
		DC21EE477D7C8CF5DA1E3311 /* Frameworks */ = {
			isa = PBXGroup;
			children = (
				F395A7FA08042C892B283889 /* Pods_ios_client.framework */,
				6BCDB8DFBE52BA331335FF24 /* Pods_ios_clientTests.framework */,
				0C7F6C608A8C4E8CAAC5CFB9 /* Pods_ios_clientUITests.framework */,
			);
			name = Frameworks;
			sourceTree = "<group>";
		};
/* End PBXGroup section */

/* Begin PBXNativeTarget section */
		131543BB20AF6EF4002BD3E1 /* ios_client */ = {
			isa = PBXNativeTarget;
			buildConfigurationList = 131543E720AF6EF7002BD3E1 /* Build configuration list for PBXNativeTarget "ios_client" */;
			buildPhases = (
				0C2C48BDDBC0F926292EC512 /* [CP] Check Pods Manifest.lock */,
				131543B820AF6EF4002BD3E1 /* Sources */,
				131543B920AF6EF4002BD3E1 /* Frameworks */,
				131543BA20AF6EF4002BD3E1 /* Resources */,
				F6D679DA674166C380E77950 /* [CP] Embed Pods Frameworks */,
				F3A561C7DFA6FA8D21738A95 /* [CP] Copy Pods Resources */,
			);
			buildRules = (
			);
			dependencies = (
			);
			name = ios_client;
			productName = ios_client;
			productReference = 131543BC20AF6EF4002BD3E1 /* ios_client.app */;
			productType = "com.apple.product-type.application";
		};
		131543D220AF6EF7002BD3E1 /* ios_clientTests */ = {
			isa = PBXNativeTarget;
			buildConfigurationList = 131543EA20AF6EF7002BD3E1 /* Build configuration list for PBXNativeTarget "ios_clientTests" */;
			buildPhases = (
				8DB4A99563CB4616CBA7BD20 /* [CP] Check Pods Manifest.lock */,
				131543CF20AF6EF7002BD3E1 /* Sources */,
				131543D020AF6EF7002BD3E1 /* Frameworks */,
				131543D120AF6EF7002BD3E1 /* Resources */,
			);
			buildRules = (
			);
			dependencies = (
				131543D520AF6EF7002BD3E1 /* PBXTargetDependency */,
			);
			name = ios_clientTests;
			productName = ios_clientTests;
			productReference = 131543D320AF6EF7002BD3E1 /* ios_clientTests.xctest */;
			productType = "com.apple.product-type.bundle.unit-test";
		};
		131543DD20AF6EF7002BD3E1 /* ios_clientUITests */ = {
			isa = PBXNativeTarget;
			buildConfigurationList = 131543ED20AF6EF7002BD3E1 /* Build configuration list for PBXNativeTarget "ios_clientUITests" */;
			buildPhases = (
				E4864D4EBDEBAA9012558AC4 /* [CP] Check Pods Manifest.lock */,
				131543DA20AF6EF7002BD3E1 /* Sources */,
				131543DB20AF6EF7002BD3E1 /* Frameworks */,
				131543DC20AF6EF7002BD3E1 /* Resources */,
			);
			buildRules = (
			);
			dependencies = (
				131543E020AF6EF7002BD3E1 /* PBXTargetDependency */,
			);
			name = ios_clientUITests;
			productName = ios_clientUITests;
			productReference = 131543DE20AF6EF7002BD3E1 /* ios_clientUITests.xctest */;
			productType = "com.apple.product-type.bundle.ui-testing";
		};
/* End PBXNativeTarget section */

/* Begin PBXProject section */
		131543B420AF6EF4002BD3E1 /* Project object */ = {
			isa = PBXProject;
			attributes = {
				LastSwiftUpdateCheck = 0930;
				LastUpgradeCheck = 0930;
				ORGANIZATIONNAME = RideZoot;
				TargetAttributes = {
					131543BB20AF6EF4002BD3E1 = {
						CreatedOnToolsVersion = 9.3.1;
						SystemCapabilities = {
							com.apple.Keychain = {
								enabled = 1;
							};
						};
					};
					131543D220AF6EF7002BD3E1 = {
						CreatedOnToolsVersion = 9.3.1;
						TestTargetID = 131543BB20AF6EF4002BD3E1;
					};
					131543DD20AF6EF7002BD3E1 = {
						CreatedOnToolsVersion = 9.3.1;
						TestTargetID = 131543BB20AF6EF4002BD3E1;
					};
				};
			};
			buildConfigurationList = 131543B720AF6EF4002BD3E1 /* Build configuration list for PBXProject "ios_client" */;
			compatibilityVersion = "Xcode 9.3";
			developmentRegion = en;
			hasScannedForEncodings = 0;
			knownRegions = (
				en,
				Base,
			);
			mainGroup = 131543B320AF6EF4002BD3E1;
			productRefGroup = 131543BD20AF6EF4002BD3E1 /* Products */;
			projectDirPath = "";
			projectRoot = "";
			targets = (
				131543BB20AF6EF4002BD3E1 /* ios_client */,
				131543D220AF6EF7002BD3E1 /* ios_clientTests */,
				131543DD20AF6EF7002BD3E1 /* ios_clientUITests */,
			);
		};
/* End PBXProject section */

/* Begin PBXResourcesBuildPhase section */
		131543BA20AF6EF4002BD3E1 /* Resources */ = {
			isa = PBXResourcesBuildPhase;
			buildActionMask = 2147483647;
			files = (
				131543CD20AF6EF7002BD3E1 /* LaunchScreen.storyboard in Resources */,
				131543CA20AF6EF7002BD3E1 /* Assets.xcassets in Resources */,
				131543C520AF6EF4002BD3E1 /* Main.storyboard in Resources */,
			);
			runOnlyForDeploymentPostprocessing = 0;
		};
		131543D120AF6EF7002BD3E1 /* Resources */ = {
			isa = PBXResourcesBuildPhase;
			buildActionMask = 2147483647;
			files = (
			);
			runOnlyForDeploymentPostprocessing = 0;
		};
		131543DC20AF6EF7002BD3E1 /* Resources */ = {
			isa = PBXResourcesBuildPhase;
			buildActionMask = 2147483647;
			files = (
			);
			runOnlyForDeploymentPostprocessing = 0;
		};
/* End PBXResourcesBuildPhase section */

/* Begin PBXShellScriptBuildPhase section */
		0C2C48BDDBC0F926292EC512 /* [CP] Check Pods Manifest.lock */ = {
			isa = PBXShellScriptBuildPhase;
			buildActionMask = 2147483647;
			files = (
			);
			inputPaths = (
				"${PODS_PODFILE_DIR_PATH}/Podfile.lock",
				"${PODS_ROOT}/Manifest.lock",
			);
			name = "[CP] Check Pods Manifest.lock";
			outputPaths = (
				"$(DERIVED_FILE_DIR)/Pods-ios_client-checkManifestLockResult.txt",
			);
			runOnlyForDeploymentPostprocessing = 0;
			shellPath = /bin/sh;
			shellScript = "diff \"${PODS_PODFILE_DIR_PATH}/Podfile.lock\" \"${PODS_ROOT}/Manifest.lock\" > /dev/null\nif [ $? != 0 ] ; then\n    # print error to STDERR\n    echo \"error: The sandbox is not in sync with the Podfile.lock. Run 'pod install' or update your CocoaPods installation.\" >&2\n    exit 1\nfi\n# This output is used by Xcode 'outputs' to avoid re-running this script phase.\necho \"SUCCESS\" > \"${SCRIPT_OUTPUT_FILE_0}\"\n";
			showEnvVarsInLog = 0;
		};
		8DB4A99563CB4616CBA7BD20 /* [CP] Check Pods Manifest.lock */ = {
			isa = PBXShellScriptBuildPhase;
			buildActionMask = 2147483647;
			files = (
			);
			inputPaths = (
				"${PODS_PODFILE_DIR_PATH}/Podfile.lock",
				"${PODS_ROOT}/Manifest.lock",
			);
			name = "[CP] Check Pods Manifest.lock";
			outputPaths = (
				"$(DERIVED_FILE_DIR)/Pods-ios_clientTests-checkManifestLockResult.txt",
			);
			runOnlyForDeploymentPostprocessing = 0;
			shellPath = /bin/sh;
			shellScript = "diff \"${PODS_PODFILE_DIR_PATH}/Podfile.lock\" \"${PODS_ROOT}/Manifest.lock\" > /dev/null\nif [ $? != 0 ] ; then\n    # print error to STDERR\n    echo \"error: The sandbox is not in sync with the Podfile.lock. Run 'pod install' or update your CocoaPods installation.\" >&2\n    exit 1\nfi\n# This output is used by Xcode 'outputs' to avoid re-running this script phase.\necho \"SUCCESS\" > \"${SCRIPT_OUTPUT_FILE_0}\"\n";
			showEnvVarsInLog = 0;
		};
		E4864D4EBDEBAA9012558AC4 /* [CP] Check Pods Manifest.lock */ = {
			isa = PBXShellScriptBuildPhase;
			buildActionMask = 2147483647;
			files = (
			);
			inputPaths = (
				"${PODS_PODFILE_DIR_PATH}/Podfile.lock",
				"${PODS_ROOT}/Manifest.lock",
			);
			name = "[CP] Check Pods Manifest.lock";
			outputPaths = (
				"$(DERIVED_FILE_DIR)/Pods-ios_clientUITests-checkManifestLockResult.txt",
			);
			runOnlyForDeploymentPostprocessing = 0;
			shellPath = /bin/sh;
			shellScript = "diff \"${PODS_PODFILE_DIR_PATH}/Podfile.lock\" \"${PODS_ROOT}/Manifest.lock\" > /dev/null\nif [ $? != 0 ] ; then\n    # print error to STDERR\n    echo \"error: The sandbox is not in sync with the Podfile.lock. Run 'pod install' or update your CocoaPods installation.\" >&2\n    exit 1\nfi\n# This output is used by Xcode 'outputs' to avoid re-running this script phase.\necho \"SUCCESS\" > \"${SCRIPT_OUTPUT_FILE_0}\"\n";
			showEnvVarsInLog = 0;
		};
		F3A561C7DFA6FA8D21738A95 /* [CP] Copy Pods Resources */ = {
			isa = PBXShellScriptBuildPhase;
			buildActionMask = 2147483647;
			files = (
			);
			inputPaths = (
				"${SRCROOT}/Pods/Target Support Files/Pods-ios_client/Pods-ios_client-resources.sh",
				"${PODS_ROOT}/GoogleMaps/Maps/Frameworks/GoogleMaps.framework/Resources/GoogleMaps.bundle",
				"${PODS_ROOT}/GooglePlaces/Frameworks/GooglePlaces.framework/Resources/GooglePlaces.bundle",
			);
			name = "[CP] Copy Pods Resources";
			outputPaths = (
				"${TARGET_BUILD_DIR}/${UNLOCALIZED_RESOURCES_FOLDER_PATH}/GoogleMaps.bundle",
				"${TARGET_BUILD_DIR}/${UNLOCALIZED_RESOURCES_FOLDER_PATH}/GooglePlaces.bundle",
			);
			runOnlyForDeploymentPostprocessing = 0;
			shellPath = /bin/sh;
			shellScript = "\"${SRCROOT}/Pods/Target Support Files/Pods-ios_client/Pods-ios_client-resources.sh\"\n";
			showEnvVarsInLog = 0;
		};
		F6D679DA674166C380E77950 /* [CP] Embed Pods Frameworks */ = {
			isa = PBXShellScriptBuildPhase;
			buildActionMask = 2147483647;
			files = (
			);
			inputPaths = (
				"${SRCROOT}/Pods/Target Support Files/Pods-ios_client/Pods-ios_client-frameworks.sh",
				"${BUILT_PRODUCTS_DIR}/Alamofire/Alamofire.framework",
				"${BUILT_PRODUCTS_DIR}/Cosmos/Cosmos.framework",
				"${BUILT_PRODUCTS_DIR}/Locksmith/Locksmith.framework",
				"${BUILT_PRODUCTS_DIR}/Stripe/Stripe.framework",
				"${BUILT_PRODUCTS_DIR}/SwiftyJSON/SwiftyJSON.framework",
				"${BUILT_PRODUCTS_DIR}/Toast-Swift/Toast_Swift.framework",
			);
			name = "[CP] Embed Pods Frameworks";
			outputPaths = (
				"${TARGET_BUILD_DIR}/${FRAMEWORKS_FOLDER_PATH}/Alamofire.framework",
				"${TARGET_BUILD_DIR}/${FRAMEWORKS_FOLDER_PATH}/Cosmos.framework",
				"${TARGET_BUILD_DIR}/${FRAMEWORKS_FOLDER_PATH}/Locksmith.framework",
				"${TARGET_BUILD_DIR}/${FRAMEWORKS_FOLDER_PATH}/Stripe.framework",
				"${TARGET_BUILD_DIR}/${FRAMEWORKS_FOLDER_PATH}/SwiftyJSON.framework",
				"${TARGET_BUILD_DIR}/${FRAMEWORKS_FOLDER_PATH}/Toast_Swift.framework",
			);
			runOnlyForDeploymentPostprocessing = 0;
			shellPath = /bin/sh;
			shellScript = "\"${SRCROOT}/Pods/Target Support Files/Pods-ios_client/Pods-ios_client-frameworks.sh\"\n";
			showEnvVarsInLog = 0;
		};
/* End PBXShellScriptBuildPhase section */

/* Begin PBXSourcesBuildPhase section */
		131543B820AF6EF4002BD3E1 /* Sources */ = {
			isa = PBXSourcesBuildPhase;
			buildActionMask = 2147483647;
			files = (
				13D3A48620B4742C002A1DD1 /* LocationHelper.swift in Sources */,
				131543C220AF6EF4002BD3E1 /* LoginViewController.swift in Sources */,
				131543C820AF6EF4002BD3E1 /* ios_client.xcdatamodeld in Sources */,
				1321953C20BB7DD80010A0F6 /* PaymentSource.swift in Sources */,
				13A6154620B23F3700049A60 /* ChangePasswordViewController.swift in Sources */,
				135D8C9520BF40BA009C22BD /* HistoryViewController.swift in Sources */,
				1349EA4520B9E5A700A5C87B /* AddPaymentSourceViewController.swift in Sources */,
				13D3A48A20B4EDB1002A1DD1 /* Scooter.swift in Sources */,
				13D3A48820B4C356002A1DD1 /* RideHelper.swift in Sources */,
				13A6154320B1B16800049A60 /* AddedExtensions.swift in Sources */,
				13A6154120B10A0B00049A60 /* MenuViewController.swift in Sources */,
				1321954020BCA6EA0010A0F6 /* RideSummaryViewController.swift in Sources */,
				13A2C4C920AFD45900BA88F8 /* NetworkHelper.swift in Sources */,
				1321953E20BC4FE20010A0F6 /* SelectPaymentViewController.swift in Sources */,
				1349EA4120B86DF100A5C87B /* StartRideViewController.swift in Sources */,
				13A6154820B2574B00049A60 /* HomeViewController.swift in Sources */,
				1349EA4720BA207C00A5C87B /* PaymentSourcesViewController.swift in Sources */,
				13A2C4C720AF8DFE00BA88F8 /* signUpViewController.swift in Sources */,
				131543C020AF6EF4002BD3E1 /* AppDelegate.swift in Sources */,
				1349EA3F20B5D12B00A5C87B /* QRCodeViewController.swift in Sources */,
				134F80A020AFE97C00B13E64 /* AccountViewController.swift in Sources */,
				1349EA4320B9B5FD00A5C87B /* InRideViewController.swift in Sources */,
			);
			runOnlyForDeploymentPostprocessing = 0;
		};
		131543CF20AF6EF7002BD3E1 /* Sources */ = {
			isa = PBXSourcesBuildPhase;
			buildActionMask = 2147483647;
			files = (
				131543D820AF6EF7002BD3E1 /* ios_clientTests.swift in Sources */,
			);
			runOnlyForDeploymentPostprocessing = 0;
		};
		131543DA20AF6EF7002BD3E1 /* Sources */ = {
			isa = PBXSourcesBuildPhase;
			buildActionMask = 2147483647;
			files = (
				131543E320AF6EF7002BD3E1 /* ios_clientUITests.swift in Sources */,
			);
			runOnlyForDeploymentPostprocessing = 0;
		};
/* End PBXSourcesBuildPhase section */

/* Begin PBXTargetDependency section */
		131543D520AF6EF7002BD3E1 /* PBXTargetDependency */ = {
			isa = PBXTargetDependency;
			target = 131543BB20AF6EF4002BD3E1 /* ios_client */;
			targetProxy = 131543D420AF6EF7002BD3E1 /* PBXContainerItemProxy */;
		};
		131543E020AF6EF7002BD3E1 /* PBXTargetDependency */ = {
			isa = PBXTargetDependency;
			target = 131543BB20AF6EF4002BD3E1 /* ios_client */;
			targetProxy = 131543DF20AF6EF7002BD3E1 /* PBXContainerItemProxy */;
		};
/* End PBXTargetDependency section */

/* Begin PBXVariantGroup section */
		131543C320AF6EF4002BD3E1 /* Main.storyboard */ = {
			isa = PBXVariantGroup;
			children = (
				131543C420AF6EF4002BD3E1 /* Base */,
			);
			name = Main.storyboard;
			sourceTree = "<group>";
		};
		131543CB20AF6EF7002BD3E1 /* LaunchScreen.storyboard */ = {
			isa = PBXVariantGroup;
			children = (
				131543CC20AF6EF7002BD3E1 /* Base */,
			);
			name = LaunchScreen.storyboard;
			sourceTree = "<group>";
		};
/* End PBXVariantGroup section */

/* Begin XCBuildConfiguration section */
		131543E520AF6EF7002BD3E1 /* Debug */ = {
			isa = XCBuildConfiguration;
			buildSettings = {
				ALWAYS_SEARCH_USER_PATHS = NO;
				CLANG_ANALYZER_NONNULL = YES;
				CLANG_ANALYZER_NUMBER_OBJECT_CONVERSION = YES_AGGRESSIVE;
				CLANG_CXX_LANGUAGE_STANDARD = "gnu++14";
				CLANG_CXX_LIBRARY = "libc++";
				CLANG_ENABLE_MODULES = YES;
				CLANG_ENABLE_OBJC_ARC = YES;
				CLANG_ENABLE_OBJC_WEAK = YES;
				CLANG_WARN_BLOCK_CAPTURE_AUTORELEASING = YES;
				CLANG_WARN_BOOL_CONVERSION = YES;
				CLANG_WARN_COMMA = YES;
				CLANG_WARN_CONSTANT_CONVERSION = YES;
				CLANG_WARN_DEPRECATED_OBJC_IMPLEMENTATIONS = YES;
				CLANG_WARN_DIRECT_OBJC_ISA_USAGE = YES_ERROR;
				CLANG_WARN_DOCUMENTATION_COMMENTS = YES;
				CLANG_WARN_EMPTY_BODY = YES;
				CLANG_WARN_ENUM_CONVERSION = YES;
				CLANG_WARN_INFINITE_RECURSION = YES;
				CLANG_WARN_INT_CONVERSION = YES;
				CLANG_WARN_NON_LITERAL_NULL_CONVERSION = YES;
				CLANG_WARN_OBJC_IMPLICIT_RETAIN_SELF = YES;
				CLANG_WARN_OBJC_LITERAL_CONVERSION = YES;
				CLANG_WARN_OBJC_ROOT_CLASS = YES_ERROR;
				CLANG_WARN_RANGE_LOOP_ANALYSIS = YES;
				CLANG_WARN_STRICT_PROTOTYPES = YES;
				CLANG_WARN_SUSPICIOUS_MOVE = YES;
				CLANG_WARN_UNGUARDED_AVAILABILITY = YES_AGGRESSIVE;
				CLANG_WARN_UNREACHABLE_CODE = YES;
				CLANG_WARN__DUPLICATE_METHOD_MATCH = YES;
				CODE_SIGN_IDENTITY = "iPhone Developer";
				COPY_PHASE_STRIP = NO;
				DEBUG_INFORMATION_FORMAT = dwarf;
				ENABLE_STRICT_OBJC_MSGSEND = YES;
				ENABLE_TESTABILITY = YES;
				GCC_C_LANGUAGE_STANDARD = gnu11;
				GCC_DYNAMIC_NO_PIC = NO;
				GCC_NO_COMMON_BLOCKS = YES;
				GCC_OPTIMIZATION_LEVEL = 0;
				GCC_PREPROCESSOR_DEFINITIONS = (
					"DEBUG=1",
					"$(inherited)",
				);
				GCC_WARN_64_TO_32_BIT_CONVERSION = YES;
				GCC_WARN_ABOUT_RETURN_TYPE = YES_ERROR;
				GCC_WARN_UNDECLARED_SELECTOR = YES;
				GCC_WARN_UNINITIALIZED_AUTOS = YES_AGGRESSIVE;
				GCC_WARN_UNUSED_FUNCTION = YES;
				GCC_WARN_UNUSED_VARIABLE = YES;
				IPHONEOS_DEPLOYMENT_TARGET = 11.3;
				MTL_ENABLE_DEBUG_INFO = YES;
				ONLY_ACTIVE_ARCH = YES;
				SDKROOT = iphoneos;
				SWIFT_ACTIVE_COMPILATION_CONDITIONS = DEBUG;
				SWIFT_OPTIMIZATION_LEVEL = "-Onone";
			};
			name = Debug;
		};
		131543E620AF6EF7002BD3E1 /* Release */ = {
			isa = XCBuildConfiguration;
			buildSettings = {
				ALWAYS_SEARCH_USER_PATHS = NO;
				CLANG_ANALYZER_NONNULL = YES;
				CLANG_ANALYZER_NUMBER_OBJECT_CONVERSION = YES_AGGRESSIVE;
				CLANG_CXX_LANGUAGE_STANDARD = "gnu++14";
				CLANG_CXX_LIBRARY = "libc++";
				CLANG_ENABLE_MODULES = YES;
				CLANG_ENABLE_OBJC_ARC = YES;
				CLANG_ENABLE_OBJC_WEAK = YES;
				CLANG_WARN_BLOCK_CAPTURE_AUTORELEASING = YES;
				CLANG_WARN_BOOL_CONVERSION = YES;
				CLANG_WARN_COMMA = YES;
				CLANG_WARN_CONSTANT_CONVERSION = YES;
				CLANG_WARN_DEPRECATED_OBJC_IMPLEMENTATIONS = YES;
				CLANG_WARN_DIRECT_OBJC_ISA_USAGE = YES_ERROR;
				CLANG_WARN_DOCUMENTATION_COMMENTS = YES;
				CLANG_WARN_EMPTY_BODY = YES;
				CLANG_WARN_ENUM_CONVERSION = YES;
				CLANG_WARN_INFINITE_RECURSION = YES;
				CLANG_WARN_INT_CONVERSION = YES;
				CLANG_WARN_NON_LITERAL_NULL_CONVERSION = YES;
				CLANG_WARN_OBJC_IMPLICIT_RETAIN_SELF = YES;
				CLANG_WARN_OBJC_LITERAL_CONVERSION = YES;
				CLANG_WARN_OBJC_ROOT_CLASS = YES_ERROR;
				CLANG_WARN_RANGE_LOOP_ANALYSIS = YES;
				CLANG_WARN_STRICT_PROTOTYPES = YES;
				CLANG_WARN_SUSPICIOUS_MOVE = YES;
				CLANG_WARN_UNGUARDED_AVAILABILITY = YES_AGGRESSIVE;
				CLANG_WARN_UNREACHABLE_CODE = YES;
				CLANG_WARN__DUPLICATE_METHOD_MATCH = YES;
				CODE_SIGN_IDENTITY = "iPhone Developer";
				COPY_PHASE_STRIP = NO;
				DEBUG_INFORMATION_FORMAT = "dwarf-with-dsym";
				ENABLE_NS_ASSERTIONS = NO;
				ENABLE_STRICT_OBJC_MSGSEND = YES;
				GCC_C_LANGUAGE_STANDARD = gnu11;
				GCC_NO_COMMON_BLOCKS = YES;
				GCC_WARN_64_TO_32_BIT_CONVERSION = YES;
				GCC_WARN_ABOUT_RETURN_TYPE = YES_ERROR;
				GCC_WARN_UNDECLARED_SELECTOR = YES;
				GCC_WARN_UNINITIALIZED_AUTOS = YES_AGGRESSIVE;
				GCC_WARN_UNUSED_FUNCTION = YES;
				GCC_WARN_UNUSED_VARIABLE = YES;
				IPHONEOS_DEPLOYMENT_TARGET = 11.3;
				MTL_ENABLE_DEBUG_INFO = NO;
				SDKROOT = iphoneos;
				SWIFT_COMPILATION_MODE = wholemodule;
				SWIFT_OPTIMIZATION_LEVEL = "-O";
				VALIDATE_PRODUCT = YES;
			};
			name = Release;
		};
		131543E820AF6EF7002BD3E1 /* Debug */ = {
			isa = XCBuildConfiguration;
			baseConfigurationReference = E77D6F10D6DB8B71CC02AC19 /* Pods-ios_client.debug.xcconfig */;
			buildSettings = {
				ASSETCATALOG_COMPILER_APPICON_NAME = AppIcon;
				CODE_SIGN_ENTITLEMENTS = ios_client/ios_client.entitlements;
				CODE_SIGN_STYLE = Automatic;
				DEVELOPMENT_TEAM = RCJDD4P974;
				INFOPLIST_FILE = ios_client/Info.plist;
				LD_RUNPATH_SEARCH_PATHS = (
					"$(inherited)",
					"@executable_path/Frameworks",
				);
				PRODUCT_BUNDLE_IDENTIFIER = "com.ridezoot.ios-client";
				PRODUCT_NAME = "$(TARGET_NAME)";
				SWIFT_VERSION = 4.0;
				TARGETED_DEVICE_FAMILY = "1,2";
			};
			name = Debug;
		};
		131543E920AF6EF7002BD3E1 /* Release */ = {
			isa = XCBuildConfiguration;
			baseConfigurationReference = 24B906147AD19D6BEC96E45F /* Pods-ios_client.release.xcconfig */;
			buildSettings = {
				ASSETCATALOG_COMPILER_APPICON_NAME = AppIcon;
				CODE_SIGN_ENTITLEMENTS = ios_client/ios_client.entitlements;
				CODE_SIGN_STYLE = Automatic;
				DEVELOPMENT_TEAM = RCJDD4P974;
				INFOPLIST_FILE = ios_client/Info.plist;
				LD_RUNPATH_SEARCH_PATHS = (
					"$(inherited)",
					"@executable_path/Frameworks",
				);
				PRODUCT_BUNDLE_IDENTIFIER = "com.ridezoot.ios-client";
				PRODUCT_NAME = "$(TARGET_NAME)";
				SWIFT_VERSION = 4.0;
				TARGETED_DEVICE_FAMILY = "1,2";
			};
			name = Release;
		};
		131543EB20AF6EF7002BD3E1 /* Debug */ = {
			isa = XCBuildConfiguration;
			baseConfigurationReference = FCB94A126BE80B05FA4B1DC8 /* Pods-ios_clientTests.debug.xcconfig */;
			buildSettings = {
				ALWAYS_EMBED_SWIFT_STANDARD_LIBRARIES = YES;
				BUNDLE_LOADER = "$(TEST_HOST)";
				CODE_SIGN_STYLE = Automatic;
				INFOPLIST_FILE = ios_clientTests/Info.plist;
				LD_RUNPATH_SEARCH_PATHS = (
					"$(inherited)",
					"@executable_path/Frameworks",
					"@loader_path/Frameworks",
				);
				PRODUCT_BUNDLE_IDENTIFIER = "com.ridezoot.ios-clientTests";
				PRODUCT_NAME = "$(TARGET_NAME)";
				SWIFT_VERSION = 4.0;
				TARGETED_DEVICE_FAMILY = "1,2";
				TEST_HOST = "$(BUILT_PRODUCTS_DIR)/ios_client.app/ios_client";
			};
			name = Debug;
		};
		131543EC20AF6EF7002BD3E1 /* Release */ = {
			isa = XCBuildConfiguration;
			baseConfigurationReference = 12F552D99D76EA5F0A84E270 /* Pods-ios_clientTests.release.xcconfig */;
			buildSettings = {
				ALWAYS_EMBED_SWIFT_STANDARD_LIBRARIES = YES;
				BUNDLE_LOADER = "$(TEST_HOST)";
				CODE_SIGN_STYLE = Automatic;
				INFOPLIST_FILE = ios_clientTests/Info.plist;
				LD_RUNPATH_SEARCH_PATHS = (
					"$(inherited)",
					"@executable_path/Frameworks",
					"@loader_path/Frameworks",
				);
				PRODUCT_BUNDLE_IDENTIFIER = "com.ridezoot.ios-clientTests";
				PRODUCT_NAME = "$(TARGET_NAME)";
				SWIFT_VERSION = 4.0;
				TARGETED_DEVICE_FAMILY = "1,2";
				TEST_HOST = "$(BUILT_PRODUCTS_DIR)/ios_client.app/ios_client";
			};
			name = Release;
		};
		131543EE20AF6EF7002BD3E1 /* Debug */ = {
			isa = XCBuildConfiguration;
			baseConfigurationReference = A8814C83AEA735078ED2C20E /* Pods-ios_clientUITests.debug.xcconfig */;
			buildSettings = {
				ALWAYS_EMBED_SWIFT_STANDARD_LIBRARIES = YES;
				CODE_SIGN_STYLE = Automatic;
				INFOPLIST_FILE = ios_clientUITests/Info.plist;
				LD_RUNPATH_SEARCH_PATHS = (
					"$(inherited)",
					"@executable_path/Frameworks",
					"@loader_path/Frameworks",
				);
				PRODUCT_BUNDLE_IDENTIFIER = "com.ridezoot.ios-clientUITests";
				PRODUCT_NAME = "$(TARGET_NAME)";
				SWIFT_VERSION = 4.0;
				TARGETED_DEVICE_FAMILY = "1,2";
				TEST_TARGET_NAME = ios_client;
			};
			name = Debug;
		};
		131543EF20AF6EF7002BD3E1 /* Release */ = {
			isa = XCBuildConfiguration;
			baseConfigurationReference = 150A6F0F5A3DCA54C1E51EF7 /* Pods-ios_clientUITests.release.xcconfig */;
			buildSettings = {
				ALWAYS_EMBED_SWIFT_STANDARD_LIBRARIES = YES;
				CODE_SIGN_STYLE = Automatic;
				INFOPLIST_FILE = ios_clientUITests/Info.plist;
				LD_RUNPATH_SEARCH_PATHS = (
					"$(inherited)",
					"@executable_path/Frameworks",
					"@loader_path/Frameworks",
				);
				PRODUCT_BUNDLE_IDENTIFIER = "com.ridezoot.ios-clientUITests";
				PRODUCT_NAME = "$(TARGET_NAME)";
				SWIFT_VERSION = 4.0;
				TARGETED_DEVICE_FAMILY = "1,2";
				TEST_TARGET_NAME = ios_client;
			};
			name = Release;
		};
/* End XCBuildConfiguration section */

/* Begin XCConfigurationList section */
		131543B720AF6EF4002BD3E1 /* Build configuration list for PBXProject "ios_client" */ = {
			isa = XCConfigurationList;
			buildConfigurations = (
				131543E520AF6EF7002BD3E1 /* Debug */,
				131543E620AF6EF7002BD3E1 /* Release */,
			);
			defaultConfigurationIsVisible = 0;
			defaultConfigurationName = Release;
		};
		131543E720AF6EF7002BD3E1 /* Build configuration list for PBXNativeTarget "ios_client" */ = {
			isa = XCConfigurationList;
			buildConfigurations = (
				131543E820AF6EF7002BD3E1 /* Debug */,
				131543E920AF6EF7002BD3E1 /* Release */,
			);
			defaultConfigurationIsVisible = 0;
			defaultConfigurationName = Release;
		};
		131543EA20AF6EF7002BD3E1 /* Build configuration list for PBXNativeTarget "ios_clientTests" */ = {
			isa = XCConfigurationList;
			buildConfigurations = (
				131543EB20AF6EF7002BD3E1 /* Debug */,
				131543EC20AF6EF7002BD3E1 /* Release */,
			);
			defaultConfigurationIsVisible = 0;
			defaultConfigurationName = Release;
		};
		131543ED20AF6EF7002BD3E1 /* Build configuration list for PBXNativeTarget "ios_clientUITests" */ = {
			isa = XCConfigurationList;
			buildConfigurations = (
				131543EE20AF6EF7002BD3E1 /* Debug */,
				131543EF20AF6EF7002BD3E1 /* Release */,
			);
			defaultConfigurationIsVisible = 0;
			defaultConfigurationName = Release;
		};
/* End XCConfigurationList section */

/* Begin XCVersionGroup section */
		131543C620AF6EF4002BD3E1 /* ios_client.xcdatamodeld */ = {
			isa = XCVersionGroup;
			children = (
				131543C720AF6EF4002BD3E1 /* ios_client.xcdatamodel */,
			);
			currentVersion = 131543C720AF6EF4002BD3E1 /* ios_client.xcdatamodel */;
			path = ios_client.xcdatamodeld;
			sourceTree = "<group>";
			versionGroupType = wrapper.xcdatamodel;
		};
/* End XCVersionGroup section */
	};
	rootObject = 131543B420AF6EF4002BD3E1 /* Project object */;
}
